// !$*UTF8*$!
{
	archiveVersion = 1;
	classes = {
	};
	objectVersion = 46;
	objects = {

/* Begin PBXBuildFile section */
		6D0C4B6D1E6284E700C89CCD /* hash.cpp in Sources */ = {isa = PBXBuildFile; fileRef = 6D0C4B651E6284E700C89CCD /* hash.cpp */; };
		6D0C4B6E1E6284E700C89CCD /* main.cpp in Sources */ = {isa = PBXBuildFile; fileRef = 6D0C4B671E6284E700C89CCD /* main.cpp */; };
		6D0C4B6F1E6284E700C89CCD /* sleep.cpp in Sources */ = {isa = PBXBuildFile; fileRef = 6D0C4B681E6284E700C89CCD /* sleep.cpp */; };
		6D0C4B701E6284E700C89CCD /* thrds.cpp in Sources */ = {isa = PBXBuildFile; fileRef = 6D0C4B6B1E6284E700C89CCD /* thrds.cpp */; };
/* End PBXBuildFile section */

/* Begin PBXCopyFilesBuildPhase section */
		6D0C4B4D1E6283F400C89CCD /* CopyFiles */ = {
			isa = PBXCopyFilesBuildPhase;
			buildActionMask = 2147483647;
			dstPath = /usr/share/man/man1/;
			dstSubfolderSpec = 0;
			files = (
			);
			runOnlyForDeploymentPostprocessing = 1;
		};
/* End PBXCopyFilesBuildPhase section */

/* Begin PBXFileReference section */
		6D0C4B4F1E6283F400C89CCD /* NCP */ = {isa = PBXFileReference; explicitFileType = "compiled.mach-o.executable"; includeInIndex = 0; path = NCP; sourceTree = BUILT_PRODUCTS_DIR; };
		6D0C4B651E6284E700C89CCD /* hash.cpp */ = {isa = PBXFileReference; fileEncoding = 4; lastKnownFileType = sourcecode.cpp.cpp; path = hash.cpp; sourceTree = "<group>"; };
		6D0C4B661E6284E700C89CCD /* hash.h */ = {isa = PBXFileReference; fileEncoding = 4; lastKnownFileType = sourcecode.c.h; path = hash.h; sourceTree = "<group>"; };
		6D0C4B671E6284E700C89CCD /* main.cpp */ = {isa = PBXFileReference; fileEncoding = 4; lastKnownFileType = sourcecode.cpp.cpp; path = main.cpp; sourceTree = "<group>"; };
		6D0C4B681E6284E700C89CCD /* sleep.cpp */ = {isa = PBXFileReference; fileEncoding = 4; lastKnownFileType = sourcecode.cpp.cpp; path = sleep.cpp; sourceTree = "<group>"; };
		6D0C4B691E6284E700C89CCD /* sleep.h */ = {isa = PBXFileReference; fileEncoding = 4; lastKnownFileType = sourcecode.c.h; path = sleep.h; sourceTree = "<group>"; };
		6D0C4B6A1E6284E700C89CCD /* spinlock.h */ = {isa = PBXFileReference; fileEncoding = 4; lastKnownFileType = sourcecode.c.h; path = spinlock.h; sourceTree = "<group>"; };
		6D0C4B6B1E6284E700C89CCD /* thrds.cpp */ = {isa = PBXFileReference; fileEncoding = 4; lastKnownFileType = sourcecode.cpp.cpp; path = thrds.cpp; sourceTree = "<group>"; };
		6D0C4B6C1E6284E700C89CCD /* thrds.h */ = {isa = PBXFileReference; fileEncoding = 4; lastKnownFileType = sourcecode.c.h; path = thrds.h; sourceTree = "<group>"; };
/* End PBXFileReference section */

/* Begin PBXFrameworksBuildPhase section */
		6D0C4B4C1E6283F400C89CCD /* Frameworks */ = {
			isa = PBXFrameworksBuildPhase;
			buildActionMask = 2147483647;
			files = (
			);
			runOnlyForDeploymentPostprocessing = 0;
		};
/* End PBXFrameworksBuildPhase section */

/* Begin PBXGroup section */
		6D0C4B461E6283F400C89CCD = {
			isa = PBXGroup;
			children = (
				6D0C4B651E6284E700C89CCD /* hash.cpp */,
				6D0C4B661E6284E700C89CCD /* hash.h */,
				6D0C4B671E6284E700C89CCD /* main.cpp */,
				6D0C4B681E6284E700C89CCD /* sleep.cpp */,
				6D0C4B691E6284E700C89CCD /* sleep.h */,
				6D0C4B6A1E6284E700C89CCD /* spinlock.h */,
				6D0C4B6B1E6284E700C89CCD /* thrds.cpp */,
				6D0C4B6C1E6284E700C89CCD /* thrds.h */,
				6D0C4B511E6283F400C89CCD /* NCP */,
				6D0C4B501E6283F400C89CCD /* Products */,
			);
			sourceTree = "<group>";
		};
		6D0C4B501E6283F400C89CCD /* Products */ = {
			isa = PBXGroup;
			children = (
				6D0C4B4F1E6283F400C89CCD /* NCP */,
			);
			name = Products;
			sourceTree = "<group>";
		};
		6D0C4B511E6283F400C89CCD /* NCP */ = {
			isa = PBXGroup;
			children = (
			);
			path = NCP;
			sourceTree = "<group>";
		};
/* End PBXGroup section */

/* Begin PBXNativeTarget section */
		6D0C4B4E1E6283F400C89CCD /* NCP */ = {
			isa = PBXNativeTarget;
			buildConfigurationList = 6D0C4B561E6283F400C89CCD /* Build configuration list for PBXNativeTarget "NCP" */;
			buildPhases = (
				6D0C4B4B1E6283F400C89CCD /* Sources */,
				6D0C4B4C1E6283F400C89CCD /* Frameworks */,
				6D0C4B4D1E6283F400C89CCD /* CopyFiles */,
			);
			buildRules = (
			);
			dependencies = (
			);
			name = NCP;
			productName = NCP;
			productReference = 6D0C4B4F1E6283F400C89CCD /* NCP */;
			productType = "com.apple.product-type.tool";
		};
/* End PBXNativeTarget section */

/* Begin PBXProject section */
		6D0C4B471E6283F400C89CCD /* Project object */ = {
			isa = PBXProject;
			attributes = {
				LastUpgradeCheck = 0820;
				ORGANIZATIONNAME = "Lufan Zhou";
				TargetAttributes = {
					6D0C4B4E1E6283F400C89CCD = {
						CreatedOnToolsVersion = 8.2;
						ProvisioningStyle = Automatic;
					};
				};
			};
			buildConfigurationList = 6D0C4B4A1E6283F400C89CCD /* Build configuration list for PBXProject "NCP" */;
			compatibilityVersion = "Xcode 3.2";
			developmentRegion = English;
			hasScannedForEncodings = 0;
			knownRegions = (
				en,
			);
			mainGroup = 6D0C4B461E6283F400C89CCD;
			productRefGroup = 6D0C4B501E6283F400C89CCD /* Products */;
			projectDirPath = "";
			projectRoot = "";
			targets = (
				6D0C4B4E1E6283F400C89CCD /* NCP */,
			);
		};
/* End PBXProject section */

/* Begin PBXSourcesBuildPhase section */
		6D0C4B4B1E6283F400C89CCD /* Sources */ = {
			isa = PBXSourcesBuildPhase;
			buildActionMask = 2147483647;
			files = (
				6D0C4B6E1E6284E700C89CCD /* main.cpp in Sources */,
				6D0C4B6F1E6284E700C89CCD /* sleep.cpp in Sources */,
				6D0C4B6D1E6284E700C89CCD /* hash.cpp in Sources */,
				6D0C4B701E6284E700C89CCD /* thrds.cpp in Sources */,
			);
			runOnlyForDeploymentPostprocessing = 0;
		};
/* End PBXSourcesBuildPhase section */

/* Begin XCBuildConfiguration section */
		6D0C4B541E6283F400C89CCD /* Debug */ = {
			isa = XCBuildConfiguration;
			buildSettings = {
				ALWAYS_SEARCH_USER_PATHS = NO;
				CLANG_ANALYZER_NONNULL = YES;
				CLANG_CXX_LANGUAGE_STANDARD = "gnu++0x";
				CLANG_CXX_LIBRARY = "libc++";
				CLANG_ENABLE_MODULES = YES;
				CLANG_ENABLE_OBJC_ARC = YES;
				CLANG_WARN_BOOL_CONVERSION = YES;
				CLANG_WARN_CONSTANT_CONVERSION = YES;
				CLANG_WARN_DIRECT_OBJC_ISA_USAGE = YES_ERROR;
				CLANG_WARN_DOCUMENTATION_COMMENTS = YES;
				CLANG_WARN_EMPTY_BODY = YES;
				CLANG_WARN_ENUM_CONVERSION = YES;
				CLANG_WARN_INFINITE_RECURSION = YES;
				CLANG_WARN_INT_CONVERSION = YES;
				CLANG_WARN_OBJC_ROOT_CLASS = YES_ERROR;
				CLANG_WARN_SUSPICIOUS_MOVE = YES;
				CLANG_WARN_UNREACHABLE_CODE = YES;
				CLANG_WARN__DUPLICATE_METHOD_MATCH = YES;
				CODE_SIGN_IDENTITY = "-";
				COPY_PHASE_STRIP = NO;
				DEBUG_INFORMATION_FORMAT = dwarf;
				ENABLE_STRICT_OBJC_MSGSEND = YES;
				ENABLE_TESTABILITY = YES;
				GCC_C_LANGUAGE_STANDARD = gnu99;
				GCC_DYNAMIC_NO_PIC = NO;
				GCC_NO_COMMON_BLOCKS = YES;
				GCC_OPTIMIZATION_LEVEL = 0;
				GCC_PREPROCESSOR_DEFINITIONS = (
					"DEBUG=1",
					"$(inherited)",
				);
				GCC_WARN_64_TO_32_BIT_CONVERSION = YES;
				GCC_WARN_ABOUT_RETURN_TYPE = YES_ERROR;
				GCC_WARN_UNDECLARED_SELECTOR = YES;
				GCC_WARN_UNINITIALIZED_AUTOS = YES_AGGRESSIVE;
				GCC_WARN_UNUSED_FUNCTION = YES;
				GCC_WARN_UNUSED_VARIABLE = YES;
				MACOSX_DEPLOYMENT_TARGET = 10.12;
				MTL_ENABLE_DEBUG_INFO = YES;
				ONLY_ACTIVE_ARCH = YES;
				SDKROOT = macosx;
			};
			name = Debug;
		};
		6D0C4B551E6283F400C89CCD /* Release */ = {
			isa = XCBuildConfiguration;
			buildSettings = {
				ALWAYS_SEARCH_USER_PATHS = NO;
				CLANG_ANALYZER_NONNULL = YES;
				CLANG_CXX_LANGUAGE_STANDARD = "gnu++0x";
				CLANG_CXX_LIBRARY = "libc++";
				CLANG_ENABLE_MODULES = YES;
				CLANG_ENABLE_OBJC_ARC = YES;
				CLANG_WARN_BOOL_CONVERSION = YES;
				CLANG_WARN_CONSTANT_CONVERSION = YES;
				CLANG_WARN_DIRECT_OBJC_ISA_USAGE = YES_ERROR;
				CLANG_WARN_DOCUMENTATION_COMMENTS = YES;
				CLANG_WARN_EMPTY_BODY = YES;
				CLANG_WARN_ENUM_CONVERSION = YES;
				CLANG_WARN_INFINITE_RECURSION = YES;
				CLANG_WARN_INT_CONVERSION = YES;
				CLANG_WARN_OBJC_ROOT_CLASS = YES_ERROR;
				CLANG_WARN_SUSPICIOUS_MOVE = YES;
				CLANG_WARN_UNREACHABLE_CODE = YES;
				CLANG_WARN__DUPLICATE_METHOD_MATCH = YES;
				CODE_SIGN_IDENTITY = "-";
				COPY_PHASE_STRIP = NO;
				DEBUG_INFORMATION_FORMAT = "dwarf-with-dsym";
				ENABLE_NS_ASSERTIONS = NO;
				ENABLE_STRICT_OBJC_MSGSEND = YES;
				GCC_C_LANGUAGE_STANDARD = gnu99;
				GCC_NO_COMMON_BLOCKS = YES;
				GCC_WARN_64_TO_32_BIT_CONVERSION = YES;
				GCC_WARN_ABOUT_RETURN_TYPE = YES_ERROR;
				GCC_WARN_UNDECLARED_SELECTOR = YES;
				GCC_WARN_UNINITIALIZED_AUTOS = YES_AGGRESSIVE;
				GCC_WARN_UNUSED_FUNCTION = YES;
				GCC_WARN_UNUSED_VARIABLE = YES;
				MACOSX_DEPLOYMENT_TARGET = 10.12;
				MTL_ENABLE_DEBUG_INFO = NO;
				SDKROOT = macosx;
			};
			name = Release;
		};
		6D0C4B571E6283F400C89CCD /* Debug */ = {
			isa = XCBuildConfiguration;
			buildSettings = {
				PRODUCT_NAME = "$(TARGET_NAME)";
			};
			name = Debug;
		};
		6D0C4B581E6283F400C89CCD /* Release */ = {
			isa = XCBuildConfiguration;
			buildSettings = {
				PRODUCT_NAME = "$(TARGET_NAME)";
			};
			name = Release;
		};
/* End XCBuildConfiguration section */

/* Begin XCConfigurationList section */
		6D0C4B4A1E6283F400C89CCD /* Build configuration list for PBXProject "NCP" */ = {
			isa = XCConfigurationList;
			buildConfigurations = (
				6D0C4B541E6283F400C89CCD /* Debug */,
				6D0C4B551E6283F400C89CCD /* Release */,
			);
			defaultConfigurationIsVisible = 0;
			defaultConfigurationName = Release;
		};
		6D0C4B561E6283F400C89CCD /* Build configuration list for PBXNativeTarget "NCP" */ = {
			isa = XCConfigurationList;
			buildConfigurations = (
				6D0C4B571E6283F400C89CCD /* Debug */,
				6D0C4B581E6283F400C89CCD /* Release */,
			);
			defaultConfigurationIsVisible = 0;
		};
/* End XCConfigurationList section */
	};
	rootObject = 6D0C4B471E6283F400C89CCD /* Project object */;
}
